
Microsoft Visual Studio Solution File, Format Version 12.00
Project("{FAE04EC0-301F-11D3-BF4B-00C04F79EFBC}") = "AbortShutdownWorker", "AbortShutdownWorker.csproj", "{F32A1BF5-03A2-4D5D-ACE9-6E8D439678B5}"
EndProject
Global
	GlobalSection(SolutionConfigurationPlatforms) = preSolution
		Debug|Any CPU = Debug|Any CPU
		Release|Any CPU = Release|Any CPU
	EndGlobalSection
	GlobalSection(ProjectConfigurationPlatforms) = postSolution
		{F32A1BF5-03A2-4D5D-ACE9-6E8D439678B5}.Debug|Any CPU.ActiveCfg = Debug|Any CPU
		{F32A1BF5-03A2-4D5D-ACE9-6E8D439678B5}.Debug|Any CPU.Build.0 = Debug|Any CPU
		{F32A1BF5-03A2-4D5D-ACE9-6E8D439678B5}.Release|Any CPU.ActiveCfg = Release|Any CPU
		{F32A1BF5-03A2-4D5D-ACE9-6E8D439678B5}.Release|Any CPU.Build.0 = Release|Any CPU
	EndGlobalSection
EndGlobal
